PODS:
  - Adjust (5.6.2):
    - Adjust/Adjust (= 5.6.2)
  - Adjust/Adjust (5.6.2):
    - AdjustSignature (= 3.67.0)
  - adjust_sdk (5.6.2):
    - Adjust (= 5.6.2)
    - Flutter
  - AdjustSignature (3.67.0)
  - Flutter (1.0.0)
  - flutter_image_compress_common (1.0.0):
    - Flutter
    - Mantle
    - SDWebImage
    - SDWebImageWebPCoder
  - flutter_inappwebview_ios (0.0.1):
    - Flutter
    - flutter_inappwebview_ios/Core (= 0.0.1)
    - OrderedSet (~> 6.0.3)
  - flutter_inappwebview_ios/Core (0.0.1):
    - Flutter
    - OrderedSet (~> 6.0.3)
  - libwebp (1.5.0):
    - libwebp/demux (= 1.5.0)
    - libwebp/mux (= 1.5.0)
    - libwebp/sharpyuv (= 1.5.0)
    - libwebp/webp (= 1.5.0)
  - libwebp/demux (1.5.0):
    - libwebp/webp
  - libwebp/mux (1.5.0):
    - libwebp/demux
  - libwebp/sharpyuv (1.5.0)
  - libwebp/webp (1.5.0):
    - libwebp/sharpyuv
  - Mantle (2.2.0):
    - Mantle/extobjc (= 2.2.0)
  - Mantle/extobjc (2.2.0)
  - OrderedSet (6.0.3)
  - permission_handler_apple (9.3.0):
    - Flutter
  - SDWebImage (5.21.7):
    - SDWebImage/Core (= 5.21.7)
  - SDWebImage/Core (5.21.7)
  - SDWebImageWebPCoder (0.15.0):
    - libwebp (~> 1.0)
    - SDWebImage/Core (~> 5.17)
  - TrustDecisionLiveness (3.1.2)
  - TrustDecisionPro (5.2.5.1):
    - TrustDecisionPro/FMDeviceManagerFramework (= 5.2.5.1)
    - TrustDecisionPro/TDCorePlugin (= 5.2.5.1)
    - TrustDecisionPro/TDMobRisk (= 5.2.5.1)
  - TrustDecisionPro/FMDeviceManagerFramework (5.2.5.1)
  - TrustDecisionPro/TDCorePlugin (5.2.5.1)
  - TrustDecisionPro/TDMobRisk (5.2.5.1)
  - trustdevice_pro_plugin (1.4.9):
    - Flutter
    - TrustDecisionLiveness (= 3.1.2)
    - TrustDecisionPro

DEPENDENCIES:
  - adjust_sdk (from `.symlinks/plugins/adjust_sdk/ios`)
  - Flutter (from `Flutter`)
  - flutter_image_compress_common (from `.symlinks/plugins/flutter_image_compress_common/ios`)
  - flutter_inappwebview_ios (from `.symlinks/plugins/flutter_inappwebview_ios/ios`)
  - permission_handler_apple (from `.symlinks/plugins/permission_handler_apple/ios`)
  - trustdevice_pro_plugin (from `.symlinks/plugins/trustdevice_pro_plugin/ios`)

SPEC REPOS:
  trunk:
    - Adjust
    - AdjustSignature
    - libwebp
    - Mantle
    - OrderedSet
    - SDWebImage
    - SDWebImageWebPCoder
    - TrustDecisionLiveness
    - TrustDecisionPro

EXTERNAL SOURCES:
  adjust_sdk:
    :path: ".symlinks/plugins/adjust_sdk/ios"
  Flutter:
    :path: Flutter
  flutter_image_compress_common:
    :path: ".symlinks/plugins/flutter_image_compress_common/ios"
  flutter_inappwebview_ios:
    :path: ".symlinks/plugins/flutter_inappwebview_ios/ios"
  permission_handler_apple:
    :path: ".symlinks/plugins/permission_handler_apple/ios"
  trustdevice_pro_plugin:
    :path: ".symlinks/plugins/trustdevice_pro_plugin/ios"

SPEC CHECKSUMS:
  Adjust: 62ea53a252534df416676e7ac2f1558d60e6e39e
  adjust_sdk: 676568f5b87c5fdc390bd061af146e5dd4558dad
  AdjustSignature: 9498705a4ac67b719e31828be4d74fbb8656950c
  Flutter: cabc95a1d2626b1b06e7179b784ebcf0c0cde467
  flutter_image_compress_common: ec1d45c362c9d30a3f6a0426c297f47c52007e3e
  flutter_inappwebview_ios: 6f63631e2c62a7c350263b13fa5427aedefe81d4
  libwebp: 02b23773aedb6ff1fd38cec7a77b81414c6842a8
  Mantle: c5aa8794a29a022dfbbfc9799af95f477a69b62d
  OrderedSet: e539b66b644ff081c73a262d24ad552a69be3a94
  permission_handler_apple: 9878588469a2b0d0fc1e048d9f43605f92e6cec2
  SDWebImage: e9fc87c1aab89a8ab1bbd74eba378c6f53be8abf
  SDWebImageWebPCoder: 0e06e365080397465cc73a7a9b472d8a3bd0f377
  TrustDecisionLiveness: 492414d0e14dad958478d2b56ee6f2ec393cd161
  TrustDecisionPro: 43c5ba6de6f53e1a4132442d82e116b5c91df9bf
  trustdevice_pro_plugin: ea3f10415d2325099352d60725b44435c733255d

PODFILE CHECKSUM: a769e4cc3e9e7dfcd6cd283bd788f6ce2004d046

COCOAPODS: 1.16.2
